{
  "name": "javascript-course",
  "lockfileVersion": 3,
  "requires": true,
  "packages": {
    "": {
      "dependencies": {
        "waitkit": "^0.5.0"
      }
    },
    "node_modules/waitkit": {
      "version": "0.5.0",
      "resolved": "https://registry.npmjs.org/waitkit/-/waitkit-0.5.0.tgz",
      "integrity": "sha512-DBPxBvR+ipPjd17mnwRC4pSDHWD7GBSd8a3A5s4IaDcjduqbLeUEM2chH0OEL5cosO9SZt87iS09S8ad7xcqwA==",
      "license": "ISC",
      "peerDependencies": {
        "react": "^18.0.0 || ^19.0.0"
      },
      "peerDependenciesMeta": {
        "react": {
          "optional": true
        }
      }
    }
  }
}
